
Microsoft Visual Studio Solution File, Format Version 12.00
# Visual Studio Version 16
VisualStudioVersion = 16.0.32602.291
MinimumVisualStudioVersion = 10.0.40219.1
Project("{8BC9CEB8-8B4A-11D0-8D11-00A0C91BC942}") = "OCRLib", "OCRLib\OCRLib.vcxproj", "{BF88E2EE-FC6A-419B-A2DA-11D7003E667A}"
EndProject
Project("{8BC9CEB8-8B4A-11D0-8D11-00A0C91BC942}") = "OCRLibTest", "OCRLibTest\OCRLibTest.vcxproj", "{330A5C0C-2FFE-4C17-B0F7-E1CB7BCBC6EB}"
EndProject
Project("{8BC9CEB8-8B4A-11D0-8D11-00A0C91BC942}") = "MainConsole", "MainConsole\MainConsole.vcxproj", "{FBE6A7CB-1D34-435F-BA46-792BE06F97AB}"
EndProject
Global
	GlobalSection(SolutionConfigurationPlatforms) = preSolution
		Debug|x64 = Debug|x64
		Debug|x86 = Debug|x86
		Release|x64 = Release|x64
		Release|x86 = Release|x86
	EndGlobalSection
	GlobalSection(ProjectConfigurationPlatforms) = postSolution
		{BF88E2EE-FC6A-419B-A2DA-11D7003E667A}.Debug|x64.ActiveCfg = Debug|x64
		{BF88E2EE-FC6A-419B-A2DA-11D7003E667A}.Debug|x64.Build.0 = Debug|x64
		{BF88E2EE-FC6A-419B-A2DA-11D7003E667A}.Debug|x86.ActiveCfg = Debug|Win32
		{BF88E2EE-FC6A-419B-A2DA-11D7003E667A}.Debug|x86.Build.0 = Debug|Win32
		{BF88E2EE-FC6A-419B-A2DA-11D7003E667A}.Release|x64.ActiveCfg = Release|x64
		{BF88E2EE-FC6A-419B-A2DA-11D7003E667A}.Release|x64.Build.0 = Release|x64
		{BF88E2EE-FC6A-419B-A2DA-11D7003E667A}.Release|x86.ActiveCfg = Release|Win32
		{BF88E2EE-FC6A-419B-A2DA-11D7003E667A}.Release|x86.Build.0 = Release|Win32
		{330A5C0C-2FFE-4C17-B0F7-E1CB7BCBC6EB}.Debug|x64.ActiveCfg = Debug|x64
		{330A5C0C-2FFE-4C17-B0F7-E1CB7BCBC6EB}.Debug|x64.Build.0 = Debug|x64
		{330A5C0C-2FFE-4C17-B0F7-E1CB7BCBC6EB}.Debug|x86.ActiveCfg = Debug|Win32
		{330A5C0C-2FFE-4C17-B0F7-E1CB7BCBC6EB}.Debug|x86.Build.0 = Debug|Win32
		{330A5C0C-2FFE-4C17-B0F7-E1CB7BCBC6EB}.Release|x64.ActiveCfg = Release|x64
		{330A5C0C-2FFE-4C17-B0F7-E1CB7BCBC6EB}.Release|x64.Build.0 = Release|x64
		{330A5C0C-2FFE-4C17-B0F7-E1CB7BCBC6EB}.Release|x86.ActiveCfg = Release|Win32
		{330A5C0C-2FFE-4C17-B0F7-E1CB7BCBC6EB}.Release|x86.Build.0 = Release|Win32
		{FBE6A7CB-1D34-435F-BA46-792BE06F97AB}.Debug|x64.ActiveCfg = Debug|x64
		{FBE6A7CB-1D34-435F-BA46-792BE06F97AB}.Debug|x64.Build.0 = Debug|x64
		{FBE6A7CB-1D34-435F-BA46-792BE06F97AB}.Debug|x86.ActiveCfg = Debug|Win32
		{FBE6A7CB-1D34-435F-BA46-792BE06F97AB}.Debug|x86.Build.0 = Debug|Win32
		{FBE6A7CB-1D34-435F-BA46-792BE06F97AB}.Release|x64.ActiveCfg = Release|x64
		{FBE6A7CB-1D34-435F-BA46-792BE06F97AB}.Release|x64.Build.0 = Release|x64
		{FBE6A7CB-1D34-435F-BA46-792BE06F97AB}.Release|x86.ActiveCfg = Release|Win32
		{FBE6A7CB-1D34-435F-BA46-792BE06F97AB}.Release|x86.Build.0 = Release|Win32
	EndGlobalSection
	GlobalSection(SolutionProperties) = preSolution
		HideSolutionNode = FALSE
	EndGlobalSection
	GlobalSection(ExtensibilityGlobals) = postSolution
		SolutionGuid = {B4BE1BC6-7220-45BA-92BF-213A99094549}
	EndGlobalSection
EndGlobal
